
Microsoft Visual Studio Solution File, Format Version 12.00
# Visual Studio Version 16
VisualStudioVersion = 16.0.29613.14
MinimumVisualStudioVersion = 10.0.40219.1
Project("{FAE04EC0-301F-11D3-BF4B-00C04F79EFBC}") = "App1_ConsultarCep.UWP", "App1_ConsultarCep\App1_ConsultarCep.UWP\App1_ConsultarCep.UWP.csproj", "{752B8C87-836A-442E-BBF7-79FD1B3197C9}"
EndProject
Project("{FAE04EC0-301F-11D3-BF4B-00C04F79EFBC}") = "App1_ConsultarCep.Android", "App1_ConsultarCep\App1_ConsultarCep.Android\App1_ConsultarCep.Android.csproj", "{41C8A373-DC6E-4CB7-8CFA-45DCEDBF7012}"
EndProject
Project("{FAE04EC0-301F-11D3-BF4B-00C04F79EFBC}") = "App1_ConsultarCep.iOS", "App1_ConsultarCep\App1_ConsultarCep.iOS\App1_ConsultarCep.iOS.csproj", "{453418B5-D0DC-47CF-A6F8-D9152C1C1DDA}"
EndProject
Project("{9A19103F-16F7-4668-BE54-9A1E7A4F7556}") = "App1_ConsultarCep", "App1_ConsultarCep\App1_ConsultarCep\App1_ConsultarCep.csproj", "{25E5BC05-E926-489A-9E9A-06EF33AFDEEE}"
EndProject
Global
	GlobalSection(SolutionConfigurationPlatforms) = preSolution
		Debug|Any CPU = Debug|Any CPU
		Debug|ARM = Debug|ARM
		Debug|iPhone = Debug|iPhone
		Debug|iPhoneSimulator = Debug|iPhoneSimulator
		Debug|x64 = Debug|x64
		Debug|x86 = Debug|x86
		Release|Any CPU = Release|Any CPU
		Release|ARM = Release|ARM
		Release|iPhone = Release|iPhone
		Release|iPhoneSimulator = Release|iPhoneSimulator
		Release|x64 = Release|x64
		Release|x86 = Release|x86
	EndGlobalSection
	GlobalSection(ProjectConfigurationPlatforms) = postSolution
		{752B8C87-836A-442E-BBF7-79FD1B3197C9}.Debug|Any CPU.ActiveCfg = Debug|x86
		{752B8C87-836A-442E-BBF7-79FD1B3197C9}.Debug|Any CPU.Build.0 = Debug|x86
		{752B8C87-836A-442E-BBF7-79FD1B3197C9}.Debug|Any CPU.Deploy.0 = Debug|x86
		{752B8C87-836A-442E-BBF7-79FD1B3197C9}.Debug|ARM.ActiveCfg = Debug|ARM
		{752B8C87-836A-442E-BBF7-79FD1B3197C9}.Debug|ARM.Build.0 = Debug|ARM
		{752B8C87-836A-442E-BBF7-79FD1B3197C9}.Debug|ARM.Deploy.0 = Debug|ARM
		{752B8C87-836A-442E-BBF7-79FD1B3197C9}.Debug|iPhone.ActiveCfg = Debug|x86
		{752B8C87-836A-442E-BBF7-79FD1B3197C9}.Debug|iPhone.Build.0 = Debug|x86
		{752B8C87-836A-442E-BBF7-79FD1B3197C9}.Debug|iPhone.Deploy.0 = Debug|x86
		{752B8C87-836A-442E-BBF7-79FD1B3197C9}.Debug|iPhoneSimulator.ActiveCfg = Debug|x86
		{752B8C87-836A-442E-BBF7-79FD1B3197C9}.Debug|iPhoneSimulator.Build.0 = Debug|x86
		{752B8C87-836A-442E-BBF7-79FD1B3197C9}.Debug|iPhoneSimulator.Deploy.0 = Debug|x86
		{752B8C87-836A-442E-BBF7-79FD1B3197C9}.Debug|x64.ActiveCfg = Debug|x64
		{752B8C87-836A-442E-BBF7-79FD1B3197C9}.Debug|x64.Build.0 = Debug|x64
		{752B8C87-836A-442E-BBF7-79FD1B3197C9}.Debug|x64.Deploy.0 = Debug|x64
		{752B8C87-836A-442E-BBF7-79FD1B3197C9}.Debug|x86.ActiveCfg = Debug|x86
		{752B8C87-836A-442E-BBF7-79FD1B3197C9}.Debug|x86.Build.0 = Debug|x86
		{752B8C87-836A-442E-BBF7-79FD1B3197C9}.Debug|x86.Deploy.0 = Debug|x86
		{752B8C87-836A-442E-BBF7-79FD1B3197C9}.Release|Any CPU.ActiveCfg = Release|x86
		{752B8C87-836A-442E-BBF7-79FD1B3197C9}.Release|Any CPU.Build.0 = Release|x86
		{752B8C87-836A-442E-BBF7-79FD1B3197C9}.Release|Any CPU.Deploy.0 = Release|x86
		{752B8C87-836A-442E-BBF7-79FD1B3197C9}.Release|ARM.ActiveCfg = Release|ARM
		{752B8C87-836A-442E-BBF7-79FD1B3197C9}.Release|ARM.Build.0 = Release|ARM
		{752B8C87-836A-442E-BBF7-79FD1B3197C9}.Release|ARM.Deploy.0 = Release|ARM
		{752B8C87-836A-442E-BBF7-79FD1B3197C9}.Release|iPhone.ActiveCfg = Release|x86
		{752B8C87-836A-442E-BBF7-79FD1B3197C9}.Release|iPhone.Build.0 = Release|x86
		{752B8C87-836A-442E-BBF7-79FD1B3197C9}.Release|iPhone.Deploy.0 = Release|x86
		{752B8C87-836A-442E-BBF7-79FD1B3197C9}.Release|iPhoneSimulator.ActiveCfg = Release|x86
		{752B8C87-836A-442E-BBF7-79FD1B3197C9}.Release|iPhoneSimulator.Build.0 = Release|x86
		{752B8C87-836A-442E-BBF7-79FD1B3197C9}.Release|iPhoneSimulator.Deploy.0 = Release|x86
		{752B8C87-836A-442E-BBF7-79FD1B3197C9}.Release|x64.ActiveCfg = Release|x64
		{752B8C87-836A-442E-BBF7-79FD1B3197C9}.Release|x64.Build.0 = Release|x64
		{752B8C87-836A-442E-BBF7-79FD1B3197C9}.Release|x64.Deploy.0 = Release|x64
		{752B8C87-836A-442E-BBF7-79FD1B3197C9}.Release|x86.ActiveCfg = Release|x86
		{752B8C87-836A-442E-BBF7-79FD1B3197C9}.Release|x86.Build.0 = Release|x86
		{752B8C87-836A-442E-BBF7-79FD1B3197C9}.Release|x86.Deploy.0 = Release|x86
		{41C8A373-DC6E-4CB7-8CFA-45DCEDBF7012}.Debug|Any CPU.ActiveCfg = Debug|Any CPU
		{41C8A373-DC6E-4CB7-8CFA-45DCEDBF7012}.Debug|Any CPU.Build.0 = Debug|Any CPU
		{41C8A373-DC6E-4CB7-8CFA-45DCEDBF7012}.Debug|Any CPU.Deploy.0 = Debug|Any CPU
		{41C8A373-DC6E-4CB7-8CFA-45DCEDBF7012}.Debug|ARM.ActiveCfg = Debug|Any CPU
		{41C8A373-DC6E-4CB7-8CFA-45DCEDBF7012}.Debug|ARM.Build.0 = Debug|Any CPU
		{41C8A373-DC6E-4CB7-8CFA-45DCEDBF7012}.Debug|ARM.Deploy.0 = Debug|Any CPU
		{41C8A373-DC6E-4CB7-8CFA-45DCEDBF7012}.Debug|iPhone.ActiveCfg = Debug|Any CPU
		{41C8A373-DC6E-4CB7-8CFA-45DCEDBF7012}.Debug|iPhone.Build.0 = Debug|Any CPU
		{41C8A373-DC6E-4CB7-8CFA-45DCEDBF7012}.Debug|iPhone.Deploy.0 = Debug|Any CPU
		{41C8A373-DC6E-4CB7-8CFA-45DCEDBF7012}.Debug|iPhoneSimulator.ActiveCfg = Debug|Any CPU
		{41C8A373-DC6E-4CB7-8CFA-45DCEDBF7012}.Debug|iPhoneSimulator.Build.0 = Debug|Any CPU
		{41C8A373-DC6E-4CB7-8CFA-45DCEDBF7012}.Debug|iPhoneSimulator.Deploy.0 = Debug|Any CPU
		{41C8A373-DC6E-4CB7-8CFA-45DCEDBF7012}.Debug|x64.ActiveCfg = Debug|Any CPU
		{41C8A373-DC6E-4CB7-8CFA-45DCEDBF7012}.Debug|x64.Build.0 = Debug|Any CPU
		{41C8A373-DC6E-4CB7-8CFA-45DCEDBF7012}.Debug|x64.Deploy.0 = Debug|Any CPU
		{41C8A373-DC6E-4CB7-8CFA-45DCEDBF7012}.Debug|x86.ActiveCfg = Debug|Any CPU
		{41C8A373-DC6E-4CB7-8CFA-45DCEDBF7012}.Debug|x86.Build.0 = Debug|Any CPU
		{41C8A373-DC6E-4CB7-8CFA-45DCEDBF7012}.Debug|x86.Deploy.0 = Debug|Any CPU
		{41C8A373-DC6E-4CB7-8CFA-45DCEDBF7012}.Release|Any CPU.ActiveCfg = Release|Any CPU
		{41C8A373-DC6E-4CB7-8CFA-45DCEDBF7012}.Release|Any CPU.Build.0 = Release|Any CPU
		{41C8A373-DC6E-4CB7-8CFA-45DCEDBF7012}.Release|Any CPU.Deploy.0 = Release|Any CPU
		{41C8A373-DC6E-4CB7-8CFA-45DCEDBF7012}.Release|ARM.ActiveCfg = Release|Any CPU
		{41C8A373-DC6E-4CB7-8CFA-45DCEDBF7012}.Release|ARM.Build.0 = Release|Any CPU
		{41C8A373-DC6E-4CB7-8CFA-45DCEDBF7012}.Release|ARM.Deploy.0 = Release|Any CPU
		{41C8A373-DC6E-4CB7-8CFA-45DCEDBF7012}.Release|iPhone.ActiveCfg = Release|Any CPU
		{41C8A373-DC6E-4CB7-8CFA-45DCEDBF7012}.Release|iPhone.Build.0 = Release|Any CPU
		{41C8A373-DC6E-4CB7-8CFA-45DCEDBF7012}.Release|iPhone.Deploy.0 = Release|Any CPU
		{41C8A373-DC6E-4CB7-8CFA-45DCEDBF7012}.Release|iPhoneSimulator.ActiveCfg = Release|Any CPU
		{41C8A373-DC6E-4CB7-8CFA-45DCEDBF7012}.Release|iPhoneSimulator.Build.0 = Release|Any CPU
		{41C8A373-DC6E-4CB7-8CFA-45DCEDBF7012}.Release|iPhoneSimulator.Deploy.0 = Release|Any CPU
		{41C8A373-DC6E-4CB7-8CFA-45DCEDBF7012}.Release|x64.ActiveCfg = Release|Any CPU
		{41C8A373-DC6E-4CB7-8CFA-45DCEDBF7012}.Release|x64.Build.0 = Release|Any CPU
		{41C8A373-DC6E-4CB7-8CFA-45DCEDBF7012}.Release|x64.Deploy.0 = Release|Any CPU
		{41C8A373-DC6E-4CB7-8CFA-45DCEDBF7012}.Release|x86.ActiveCfg = Release|Any CPU
		{41C8A373-DC6E-4CB7-8CFA-45DCEDBF7012}.Release|x86.Build.0 = Release|Any CPU
		{41C8A373-DC6E-4CB7-8CFA-45DCEDBF7012}.Release|x86.Deploy.0 = Release|Any CPU
		{453418B5-D0DC-47CF-A6F8-D9152C1C1DDA}.Debug|Any CPU.ActiveCfg = Debug|iPhone
		{453418B5-D0DC-47CF-A6F8-D9152C1C1DDA}.Debug|Any CPU.Build.0 = Debug|iPhone
		{453418B5-D0DC-47CF-A6F8-D9152C1C1DDA}.Debug|Any CPU.Deploy.0 = Debug|iPhone
		{453418B5-D0DC-47CF-A6F8-D9152C1C1DDA}.Debug|ARM.ActiveCfg = Debug|iPhoneSimulator
		{453418B5-D0DC-47CF-A6F8-D9152C1C1DDA}.Debug|ARM.Build.0 = Debug|iPhoneSimulator
		{453418B5-D0DC-47CF-A6F8-D9152C1C1DDA}.Debug|ARM.Deploy.0 = Debug|iPhoneSimulator
		{453418B5-D0DC-47CF-A6F8-D9152C1C1DDA}.Debug|iPhone.ActiveCfg = Debug|iPhone
		{453418B5-D0DC-47CF-A6F8-D9152C1C1DDA}.Debug|iPhone.Build.0 = Debug|iPhone
		{453418B5-D0DC-47CF-A6F8-D9152C1C1DDA}.Debug|iPhone.Deploy.0 = Debug|iPhone
		{453418B5-D0DC-47CF-A6F8-D9152C1C1DDA}.Debug|iPhoneSimulator.ActiveCfg = Debug|iPhoneSimulator
		{453418B5-D0DC-47CF-A6F8-D9152C1C1DDA}.Debug|iPhoneSimulator.Build.0 = Debug|iPhoneSimulator
		{453418B5-D0DC-47CF-A6F8-D9152C1C1DDA}.Debug|iPhoneSimulator.Deploy.0 = Debug|iPhoneSimulator
		{453418B5-D0DC-47CF-A6F8-D9152C1C1DDA}.Debug|x64.ActiveCfg = Debug|iPhone
		{453418B5-D0DC-47CF-A6F8-D9152C1C1DDA}.Debug|x64.Build.0 = Debug|iPhone
		{453418B5-D0DC-47CF-A6F8-D9152C1C1DDA}.Debug|x64.Deploy.0 = Debug|iPhone
		{453418B5-D0DC-47CF-A6F8-D9152C1C1DDA}.Debug|x86.ActiveCfg = Debug|iPhone
		{453418B5-D0DC-47CF-A6F8-D9152C1C1DDA}.Debug|x86.Build.0 = Debug|iPhone
		{453418B5-D0DC-47CF-A6F8-D9152C1C1DDA}.Debug|x86.Deploy.0 = Debug|iPhone
		{453418B5-D0DC-47CF-A6F8-D9152C1C1DDA}.Release|Any CPU.ActiveCfg = Release|iPhone
		{453418B5-D0DC-47CF-A6F8-D9152C1C1DDA}.Release|Any CPU.Build.0 = Release|iPhone
		{453418B5-D0DC-47CF-A6F8-D9152C1C1DDA}.Release|Any CPU.Deploy.0 = Release|iPhone
		{453418B5-D0DC-47CF-A6F8-D9152C1C1DDA}.Release|ARM.ActiveCfg = Release|iPhone
		{453418B5-D0DC-47CF-A6F8-D9152C1C1DDA}.Release|ARM.Build.0 = Release|iPhone
		{453418B5-D0DC-47CF-A6F8-D9152C1C1DDA}.Release|ARM.Deploy.0 = Release|iPhone
		{453418B5-D0DC-47CF-A6F8-D9152C1C1DDA}.Release|iPhone.ActiveCfg = Release|iPhone
		{453418B5-D0DC-47CF-A6F8-D9152C1C1DDA}.Release|iPhone.Build.0 = Release|iPhone
		{453418B5-D0DC-47CF-A6F8-D9152C1C1DDA}.Release|iPhone.Deploy.0 = Release|iPhone
		{453418B5-D0DC-47CF-A6F8-D9152C1C1DDA}.Release|iPhoneSimulator.ActiveCfg = Release|iPhoneSimulator
		{453418B5-D0DC-47CF-A6F8-D9152C1C1DDA}.Release|iPhoneSimulator.Build.0 = Release|iPhoneSimulator
		{453418B5-D0DC-47CF-A6F8-D9152C1C1DDA}.Release|iPhoneSimulator.Deploy.0 = Release|iPhoneSimulator
		{453418B5-D0DC-47CF-A6F8-D9152C1C1DDA}.Release|x64.ActiveCfg = Release|iPhone
		{453418B5-D0DC-47CF-A6F8-D9152C1C1DDA}.Release|x64.Build.0 = Release|iPhone
		{453418B5-D0DC-47CF-A6F8-D9152C1C1DDA}.Release|x64.Deploy.0 = Release|iPhone
		{453418B5-D0DC-47CF-A6F8-D9152C1C1DDA}.Release|x86.ActiveCfg = Release|iPhone
		{453418B5-D0DC-47CF-A6F8-D9152C1C1DDA}.Release|x86.Build.0 = Release|iPhone
		{453418B5-D0DC-47CF-A6F8-D9152C1C1DDA}.Release|x86.Deploy.0 = Release|iPhone
		{25E5BC05-E926-489A-9E9A-06EF33AFDEEE}.Debug|Any CPU.ActiveCfg = Debug|Any CPU
		{25E5BC05-E926-489A-9E9A-06EF33AFDEEE}.Debug|Any CPU.Build.0 = Debug|Any CPU
		{25E5BC05-E926-489A-9E9A-06EF33AFDEEE}.Debug|Any CPU.Deploy.0 = Debug|Any CPU
		{25E5BC05-E926-489A-9E9A-06EF33AFDEEE}.Debug|ARM.ActiveCfg = Debug|Any CPU
		{25E5BC05-E926-489A-9E9A-06EF33AFDEEE}.Debug|ARM.Build.0 = Debug|Any CPU
		{25E5BC05-E926-489A-9E9A-06EF33AFDEEE}.Debug|ARM.Deploy.0 = Debug|Any CPU
		{25E5BC05-E926-489A-9E9A-06EF33AFDEEE}.Debug|iPhone.ActiveCfg = Debug|Any CPU
		{25E5BC05-E926-489A-9E9A-06EF33AFDEEE}.Debug|iPhone.Build.0 = Debug|Any CPU
		{25E5BC05-E926-489A-9E9A-06EF33AFDEEE}.Debug|iPhone.Deploy.0 = Debug|Any CPU
		{25E5BC05-E926-489A-9E9A-06EF33AFDEEE}.Debug|iPhoneSimulator.ActiveCfg = Debug|Any CPU
		{25E5BC05-E926-489A-9E9A-06EF33AFDEEE}.Debug|iPhoneSimulator.Build.0 = Debug|Any CPU
		{25E5BC05-E926-489A-9E9A-06EF33AFDEEE}.Debug|iPhoneSimulator.Deploy.0 = Debug|Any CPU
		{25E5BC05-E926-489A-9E9A-06EF33AFDEEE}.Debug|x64.ActiveCfg = Debug|Any CPU
		{25E5BC05-E926-489A-9E9A-06EF33AFDEEE}.Debug|x64.Build.0 = Debug|Any CPU
		{25E5BC05-E926-489A-9E9A-06EF33AFDEEE}.Debug|x64.Deploy.0 = Debug|Any CPU
		{25E5BC05-E926-489A-9E9A-06EF33AFDEEE}.Debug|x86.ActiveCfg = Debug|Any CPU
		{25E5BC05-E926-489A-9E9A-06EF33AFDEEE}.Debug|x86.Build.0 = Debug|Any CPU
		{25E5BC05-E926-489A-9E9A-06EF33AFDEEE}.Debug|x86.Deploy.0 = Debug|Any CPU
		{25E5BC05-E926-489A-9E9A-06EF33AFDEEE}.Release|Any CPU.ActiveCfg = Release|Any CPU
		{25E5BC05-E926-489A-9E9A-06EF33AFDEEE}.Release|Any CPU.Build.0 = Release|Any CPU
		{25E5BC05-E926-489A-9E9A-06EF33AFDEEE}.Release|Any CPU.Deploy.0 = Release|Any CPU
		{25E5BC05-E926-489A-9E9A-06EF33AFDEEE}.Release|ARM.ActiveCfg = Release|Any CPU
		{25E5BC05-E926-489A-9E9A-06EF33AFDEEE}.Release|ARM.Build.0 = Release|Any CPU
		{25E5BC05-E926-489A-9E9A-06EF33AFDEEE}.Release|ARM.Deploy.0 = Release|Any CPU
		{25E5BC05-E926-489A-9E9A-06EF33AFDEEE}.Release|iPhone.ActiveCfg = Release|Any CPU
		{25E5BC05-E926-489A-9E9A-06EF33AFDEEE}.Release|iPhone.Build.0 = Release|Any CPU
		{25E5BC05-E926-489A-9E9A-06EF33AFDEEE}.Release|iPhone.Deploy.0 = Release|Any CPU
		{25E5BC05-E926-489A-9E9A-06EF33AFDEEE}.Release|iPhoneSimulator.ActiveCfg = Release|Any CPU
		{25E5BC05-E926-489A-9E9A-06EF33AFDEEE}.Release|iPhoneSimulator.Build.0 = Release|Any CPU
		{25E5BC05-E926-489A-9E9A-06EF33AFDEEE}.Release|iPhoneSimulator.Deploy.0 = Release|Any CPU
		{25E5BC05-E926-489A-9E9A-06EF33AFDEEE}.Release|x64.ActiveCfg = Release|Any CPU
		{25E5BC05-E926-489A-9E9A-06EF33AFDEEE}.Release|x64.Build.0 = Release|Any CPU
		{25E5BC05-E926-489A-9E9A-06EF33AFDEEE}.Release|x64.Deploy.0 = Release|Any CPU
		{25E5BC05-E926-489A-9E9A-06EF33AFDEEE}.Release|x86.ActiveCfg = Release|Any CPU
		{25E5BC05-E926-489A-9E9A-06EF33AFDEEE}.Release|x86.Build.0 = Release|Any CPU
		{25E5BC05-E926-489A-9E9A-06EF33AFDEEE}.Release|x86.Deploy.0 = Release|Any CPU
	EndGlobalSection
	GlobalSection(SolutionProperties) = preSolution
		HideSolutionNode = FALSE
	EndGlobalSection
	GlobalSection(ExtensibilityGlobals) = postSolution
		SolutionGuid = {EB1080F4-6E82-400A-8CB2-5941B906B698}
	EndGlobalSection
EndGlobal
